
Microsoft Visual Studio Solution File, Format Version 12.00
# Visual Studio Version 17
VisualStudioVersion = 17.14.36603.0
MinimumVisualStudioVersion = 10.0.40219.1
Project("{FAE04EC0-301F-11D3-BF4B-00C04F79EFBC}") = "GarageOperationsManagementSystem", "GarageOperationsManagementSystem\GarageOperationsManagementSystem.csproj", "{3A275030-AC5D-4F18-9DF1-A010F8AD2AA7}"
EndProject
Project("{FAE04EC0-301F-11D3-BF4B-00C04F79EFBC}") = "GarageOperationsManagementSystem.Tests", "GarageOperationsManagementSystem.Tests\GarageOperationsManagementSystem.Tests.csproj", "{D1C66D2F-2939-44B8-8BED-D67E6583ABEB}"
EndProject
Global
	GlobalSection(SolutionConfigurationPlatforms) = preSolution
		Debug|Any CPU = Debug|Any CPU
		Debug|x64 = Debug|x64
		Debug|x86 = Debug|x86
		Release|Any CPU = Release|Any CPU
		Release|x64 = Release|x64
		Release|x86 = Release|x86
	EndGlobalSection
	GlobalSection(ProjectConfigurationPlatforms) = postSolution
		{3A275030-AC5D-4F18-9DF1-A010F8AD2AA7}.Debug|Any CPU.ActiveCfg = Debug|Any CPU
		{3A275030-AC5D-4F18-9DF1-A010F8AD2AA7}.Debug|Any CPU.Build.0 = Debug|Any CPU
		{3A275030-AC5D-4F18-9DF1-A010F8AD2AA7}.Debug|x64.ActiveCfg = Debug|Any CPU
		{3A275030-AC5D-4F18-9DF1-A010F8AD2AA7}.Debug|x64.Build.0 = Debug|Any CPU
		{3A275030-AC5D-4F18-9DF1-A010F8AD2AA7}.Debug|x86.ActiveCfg = Debug|Any CPU
		{3A275030-AC5D-4F18-9DF1-A010F8AD2AA7}.Debug|x86.Build.0 = Debug|Any CPU
		{3A275030-AC5D-4F18-9DF1-A010F8AD2AA7}.Release|Any CPU.ActiveCfg = Release|Any CPU
		{3A275030-AC5D-4F18-9DF1-A010F8AD2AA7}.Release|Any CPU.Build.0 = Release|Any CPU
		{3A275030-AC5D-4F18-9DF1-A010F8AD2AA7}.Release|x64.ActiveCfg = Release|Any CPU
		{3A275030-AC5D-4F18-9DF1-A010F8AD2AA7}.Release|x64.Build.0 = Release|Any CPU
		{3A275030-AC5D-4F18-9DF1-A010F8AD2AA7}.Release|x86.ActiveCfg = Release|Any CPU
		{3A275030-AC5D-4F18-9DF1-A010F8AD2AA7}.Release|x86.Build.0 = Release|Any CPU
		{D1C66D2F-2939-44B8-8BED-D67E6583ABEB}.Debug|Any CPU.ActiveCfg = Debug|Any CPU
		{D1C66D2F-2939-44B8-8BED-D67E6583ABEB}.Debug|Any CPU.Build.0 = Debug|Any CPU
		{D1C66D2F-2939-44B8-8BED-D67E6583ABEB}.Debug|x64.ActiveCfg = Debug|Any CPU
		{D1C66D2F-2939-44B8-8BED-D67E6583ABEB}.Debug|x64.Build.0 = Debug|Any CPU
		{D1C66D2F-2939-44B8-8BED-D67E6583ABEB}.Debug|x86.ActiveCfg = Debug|Any CPU
		{D1C66D2F-2939-44B8-8BED-D67E6583ABEB}.Debug|x86.Build.0 = Debug|Any CPU
		{D1C66D2F-2939-44B8-8BED-D67E6583ABEB}.Release|Any CPU.ActiveCfg = Release|Any CPU
		{D1C66D2F-2939-44B8-8BED-D67E6583ABEB}.Release|Any CPU.Build.0 = Release|Any CPU
		{D1C66D2F-2939-44B8-8BED-D67E6583ABEB}.Release|x64.ActiveCfg = Release|Any CPU
		{D1C66D2F-2939-44B8-8BED-D67E6583ABEB}.Release|x64.Build.0 = Release|Any CPU
		{D1C66D2F-2939-44B8-8BED-D67E6583ABEB}.Release|x86.ActiveCfg = Release|Any CPU
		{D1C66D2F-2939-44B8-8BED-D67E6583ABEB}.Release|x86.Build.0 = Release|Any CPU
	EndGlobalSection
	GlobalSection(SolutionProperties) = preSolution
		HideSolutionNode = FALSE
	EndGlobalSection
	GlobalSection(ExtensibilityGlobals) = postSolution
		SolutionGuid = {31666D7D-3D00-45C7-8B0E-4A7A0DECB25F}
	EndGlobalSection
EndGlobal
